
Microsoft Visual Studio Solution File, Format Version 12.00
# Visual Studio 15
VisualStudioVersion = 15.0.27428.2015
MinimumVisualStudioVersion = 10.0.40219.1
Project("{9A19103F-16F7-4668-BE54-9A1E7A4F7556}") = "BnrScrapper", "BnrScrapper\BnrScrapper.csproj", "{76F92D36-03F3-4FC2-8B5B-D9057BCF39CC}"
EndProject
Project("{9A19103F-16F7-4668-BE54-9A1E7A4F7556}") = "BnrScrapperLogic", "BnrScrapperLogic\BnrScrapperLogic.csproj", "{D33EF9BC-9345-4B6E-8892-4B4EEF97B02B}"
EndProject
Project("{9A19103F-16F7-4668-BE54-9A1E7A4F7556}") = "ScrapTimerFunction", "ScrapTimerFunction\ScrapTimerFunction.csproj", "{B7894FEB-C305-4AEC-BE72-198128F14200}"
EndProject
Project("{FAE04EC0-301F-11D3-BF4B-00C04F79EFBC}") = "RateApi", "RateApi\RateApi.csproj", "{A45C4194-5DBD-4BB9-93AE-9165069ED2CF}"
EndProject
Global
	GlobalSection(SolutionConfigurationPlatforms) = preSolution
		Debug|Any CPU = Debug|Any CPU
		Release|Any CPU = Release|Any CPU
	EndGlobalSection
	GlobalSection(ProjectConfigurationPlatforms) = postSolution
		{76F92D36-03F3-4FC2-8B5B-D9057BCF39CC}.Debug|Any CPU.ActiveCfg = Debug|Any CPU
		{76F92D36-03F3-4FC2-8B5B-D9057BCF39CC}.Debug|Any CPU.Build.0 = Debug|Any CPU
		{76F92D36-03F3-4FC2-8B5B-D9057BCF39CC}.Release|Any CPU.ActiveCfg = Release|Any CPU
		{76F92D36-03F3-4FC2-8B5B-D9057BCF39CC}.Release|Any CPU.Build.0 = Release|Any CPU
		{D33EF9BC-9345-4B6E-8892-4B4EEF97B02B}.Debug|Any CPU.ActiveCfg = Debug|Any CPU
		{D33EF9BC-9345-4B6E-8892-4B4EEF97B02B}.Debug|Any CPU.Build.0 = Debug|Any CPU
		{D33EF9BC-9345-4B6E-8892-4B4EEF97B02B}.Release|Any CPU.ActiveCfg = Release|Any CPU
		{D33EF9BC-9345-4B6E-8892-4B4EEF97B02B}.Release|Any CPU.Build.0 = Release|Any CPU
		{B7894FEB-C305-4AEC-BE72-198128F14200}.Debug|Any CPU.ActiveCfg = Debug|Any CPU
		{B7894FEB-C305-4AEC-BE72-198128F14200}.Debug|Any CPU.Build.0 = Debug|Any CPU
		{B7894FEB-C305-4AEC-BE72-198128F14200}.Release|Any CPU.ActiveCfg = Release|Any CPU
		{B7894FEB-C305-4AEC-BE72-198128F14200}.Release|Any CPU.Build.0 = Release|Any CPU
		{A45C4194-5DBD-4BB9-93AE-9165069ED2CF}.Debug|Any CPU.ActiveCfg = Debug|Any CPU
		{A45C4194-5DBD-4BB9-93AE-9165069ED2CF}.Debug|Any CPU.Build.0 = Debug|Any CPU
		{A45C4194-5DBD-4BB9-93AE-9165069ED2CF}.Release|Any CPU.ActiveCfg = Release|Any CPU
		{A45C4194-5DBD-4BB9-93AE-9165069ED2CF}.Release|Any CPU.Build.0 = Release|Any CPU
	EndGlobalSection
	GlobalSection(SolutionProperties) = preSolution
		HideSolutionNode = FALSE
	EndGlobalSection
	GlobalSection(ExtensibilityGlobals) = postSolution
		SolutionGuid = {C9083724-BCB5-42B2-A133-B2812987EA15}
	EndGlobalSection
EndGlobal
